
Microsoft Visual Studio Solution File, Format Version 12.00
# Visual Studio Version 17
VisualStudioVersion = 17.9.34616.47
MinimumVisualStudioVersion = 10.0.40219.1
Project("{FAE04EC0-301F-11D3-BF4B-00C04F79EFBC}") = "SourceControlProject.Server", "SourceControlProject.Server\SourceControlProject.Server.csproj", "{A4877C95-7663-4937-BA4E-06791CAAA7BC}"
EndProject
Project("{54A90642-561A-4BB1-A94E-469ADEE60C69}") = "sourcecontrolproject.client", "sourcecontrolproject.client\sourcecontrolproject.client.esproj", "{7D9A426A-B556-4532-9590-C6E93B5AC063}"
EndProject
Project("{FAE04EC0-301F-11D3-BF4B-00C04F79EFBC}") = "SourceControlProject.Data", "SourceControlProject.Data\SourceControlProject.Data.csproj", "{47AEA083-2840-4E68-9377-FD6B1B9E84EF}"
EndProject
Project("{FAE04EC0-301F-11D3-BF4B-00C04F79EFBC}") = "SourceControlProject.Data.Models", "SourceControlData.Models\SourceControlProject.Data.Models.csproj", "{BD6DC072-5FA4-4F93-ABFF-B0B51515C52E}"
EndProject
Global
	GlobalSection(SolutionConfigurationPlatforms) = preSolution
		Debug|Any CPU = Debug|Any CPU
		Release|Any CPU = Release|Any CPU
	EndGlobalSection
	GlobalSection(ProjectConfigurationPlatforms) = postSolution
		{A4877C95-7663-4937-BA4E-06791CAAA7BC}.Debug|Any CPU.ActiveCfg = Debug|Any CPU
		{A4877C95-7663-4937-BA4E-06791CAAA7BC}.Debug|Any CPU.Build.0 = Debug|Any CPU
		{A4877C95-7663-4937-BA4E-06791CAAA7BC}.Release|Any CPU.ActiveCfg = Release|Any CPU
		{A4877C95-7663-4937-BA4E-06791CAAA7BC}.Release|Any CPU.Build.0 = Release|Any CPU
		{7D9A426A-B556-4532-9590-C6E93B5AC063}.Debug|Any CPU.ActiveCfg = Debug|Any CPU
		{7D9A426A-B556-4532-9590-C6E93B5AC063}.Debug|Any CPU.Build.0 = Debug|Any CPU
		{7D9A426A-B556-4532-9590-C6E93B5AC063}.Debug|Any CPU.Deploy.0 = Debug|Any CPU
		{7D9A426A-B556-4532-9590-C6E93B5AC063}.Release|Any CPU.ActiveCfg = Release|Any CPU
		{7D9A426A-B556-4532-9590-C6E93B5AC063}.Release|Any CPU.Build.0 = Release|Any CPU
		{7D9A426A-B556-4532-9590-C6E93B5AC063}.Release|Any CPU.Deploy.0 = Release|Any CPU
		{47AEA083-2840-4E68-9377-FD6B1B9E84EF}.Debug|Any CPU.ActiveCfg = Debug|Any CPU
		{47AEA083-2840-4E68-9377-FD6B1B9E84EF}.Debug|Any CPU.Build.0 = Debug|Any CPU
		{47AEA083-2840-4E68-9377-FD6B1B9E84EF}.Release|Any CPU.ActiveCfg = Release|Any CPU
		{47AEA083-2840-4E68-9377-FD6B1B9E84EF}.Release|Any CPU.Build.0 = Release|Any CPU
		{BD6DC072-5FA4-4F93-ABFF-B0B51515C52E}.Debug|Any CPU.ActiveCfg = Debug|Any CPU
		{BD6DC072-5FA4-4F93-ABFF-B0B51515C52E}.Debug|Any CPU.Build.0 = Debug|Any CPU
		{BD6DC072-5FA4-4F93-ABFF-B0B51515C52E}.Release|Any CPU.ActiveCfg = Release|Any CPU
		{BD6DC072-5FA4-4F93-ABFF-B0B51515C52E}.Release|Any CPU.Build.0 = Release|Any CPU
	EndGlobalSection
	GlobalSection(SolutionProperties) = preSolution
		HideSolutionNode = FALSE
	EndGlobalSection
	GlobalSection(ExtensibilityGlobals) = postSolution
		SolutionGuid = {5CCC5540-912B-4491-B419-A917276683EC}
	EndGlobalSection
EndGlobal
